
Microsoft Visual Studio Solution File, Format Version 12.00
# Visual Studio 15
VisualStudioVersion = 15.0.27004.2009
MinimumVisualStudioVersion = 10.0.40219.1
Project("{FAE04EC0-301F-11D3-BF4B-00C04F79EFBC}") = "CoutDictionary.Main", "CoutDictionary\CoutDictionary.Main.csproj", "{D198D332-2BF6-4277-AE67-C9896FDCE0B2}"
EndProject
Project("{FAE04EC0-301F-11D3-BF4B-00C04F79EFBC}") = "CountDictionary.Library", "CountDictionary.Library\CountDictionary.Library.csproj", "{C2C2FA0E-F640-4E14-B9AF-BA3B2D972D74}"
EndProject
Project("{FAE04EC0-301F-11D3-BF4B-00C04F79EFBC}") = "CountDictonary.Test", "CountDictonary.Test\CountDictonary.Test.csproj", "{8EDF4429-251A-416D-BB68-93F227191BCF}"
EndProject
Global
	GlobalSection(SolutionConfigurationPlatforms) = preSolution
		Debug|Any CPU = Debug|Any CPU
		Release|Any CPU = Release|Any CPU
	EndGlobalSection
	GlobalSection(ProjectConfigurationPlatforms) = postSolution
		{D198D332-2BF6-4277-AE67-C9896FDCE0B2}.Debug|Any CPU.ActiveCfg = Debug|Any CPU
		{D198D332-2BF6-4277-AE67-C9896FDCE0B2}.Debug|Any CPU.Build.0 = Debug|Any CPU
		{D198D332-2BF6-4277-AE67-C9896FDCE0B2}.Release|Any CPU.ActiveCfg = Release|Any CPU
		{D198D332-2BF6-4277-AE67-C9896FDCE0B2}.Release|Any CPU.Build.0 = Release|Any CPU
		{C2C2FA0E-F640-4E14-B9AF-BA3B2D972D74}.Debug|Any CPU.ActiveCfg = Debug|Any CPU
		{C2C2FA0E-F640-4E14-B9AF-BA3B2D972D74}.Debug|Any CPU.Build.0 = Debug|Any CPU
		{C2C2FA0E-F640-4E14-B9AF-BA3B2D972D74}.Release|Any CPU.ActiveCfg = Release|Any CPU
		{C2C2FA0E-F640-4E14-B9AF-BA3B2D972D74}.Release|Any CPU.Build.0 = Release|Any CPU
		{8EDF4429-251A-416D-BB68-93F227191BCF}.Debug|Any CPU.ActiveCfg = Debug|Any CPU
		{8EDF4429-251A-416D-BB68-93F227191BCF}.Debug|Any CPU.Build.0 = Debug|Any CPU
		{8EDF4429-251A-416D-BB68-93F227191BCF}.Release|Any CPU.ActiveCfg = Release|Any CPU
		{8EDF4429-251A-416D-BB68-93F227191BCF}.Release|Any CPU.Build.0 = Release|Any CPU
	EndGlobalSection
	GlobalSection(SolutionProperties) = preSolution
		HideSolutionNode = FALSE
	EndGlobalSection
	GlobalSection(ExtensibilityGlobals) = postSolution
		SolutionGuid = {2D903A39-1E7B-4E17-BED8-0536F46C2B3C}
	EndGlobalSection
EndGlobal
